
Microsoft Visual Studio Solution File, Format Version 12.00
# Visual Studio Version 17
VisualStudioVersion = 17.4.33110.190
MinimumVisualStudioVersion = 10.0.40219.1
Project("{FAE04EC0-301F-11D3-BF4B-00C04F79EFBC}") = "CSharpShop", "Tipi\CSharpShop.csproj", "{AA419798-9A37-4536-97BB-B0F90B3B6BFB}"
EndProject
Global
	GlobalSection(SolutionConfigurationPlatforms) = preSolution
		Debug|Any CPU = Debug|Any CPU
		Release|Any CPU = Release|Any CPU
	EndGlobalSection
	GlobalSection(ProjectConfigurationPlatforms) = postSolution
		{AA419798-9A37-4536-97BB-B0F90B3B6BFB}.Debug|Any CPU.ActiveCfg = Debug|Any CPU
		{AA419798-9A37-4536-97BB-B0F90B3B6BFB}.Debug|Any CPU.Build.0 = Debug|Any CPU
		{AA419798-9A37-4536-97BB-B0F90B3B6BFB}.Release|Any CPU.ActiveCfg = Release|Any CPU
		{AA419798-9A37-4536-97BB-B0F90B3B6BFB}.Release|Any CPU.Build.0 = Release|Any CPU
	EndGlobalSection
	GlobalSection(SolutionProperties) = preSolution
		HideSolutionNode = FALSE
	EndGlobalSection
	GlobalSection(ExtensibilityGlobals) = postSolution
		SolutionGuid = {E3E19443-6BD0-4553-8883-F2BD94A69BAC}
	EndGlobalSection
EndGlobal
